# THIS IS AN AUTOGENERATED FILE. DO NOT EDIT THIS FILE DIRECTLY.
# yarn lockfile v1


"@iml/gui@6.0.8":
  version "6.0.8"
  resolved "https://ubit-artifactory-or.intel.com/artifactory/api/npm/iml-npm-repos/@iml/gui/-/@iml/gui-6.0.8.tgz#e8a1d66e56279b75087702429102c295331c4f41"

"@iml/old-gui@1.1.2":
  version "1.1.2"
  resolved "https://ubit-artifactory-or.intel.com/artifactory/api/npm/iml-npm-repos/@iml/old-gui/-/@iml/old-gui-1.1.2.tgz#8bb88879292cc2844c8d0d594ef9d0c7346e0a5d"

"@iml/view-server@6.3.4":
  version "6.3.4"
  resolved "https://ubit-artifactory-or.intel.com/artifactory/api/npm/iml-npm-repos/@iml/view-server/-/@iml/view-server-6.3.4.tgz#efeca45b1cb6272a6e7add6ad7867fd24c703e8a"
  dependencies:
    highland "3.0.0-beta.2"
    intel-fp "5.1.0"
    intel-help "1.3.0"
    intel-logger "1.0.0"
    intel-obj "6.0.0"
    intel-req "2.0.0"
    intel-router "5.0.0"
    intel-through "1.0.8"
    intel-xml-2-json "1.0.1"
    lodash "3.10.1"

accepts@1.1.4:
  version "1.1.4"
  resolved "https://ubit-artifactory-or.intel.com/artifactory/api/npm/iml-npm-repos/accepts/-/accepts-1.1.4.tgz#d71c96f7d41d0feda2c38cd14e8a27c04158df4a"
  dependencies:
    mime-types "~2.0.4"
    negotiator "0.4.9"

after@0.8.1:
  version "0.8.1"
  resolved "https://ubit-artifactory-or.intel.com/artifactory/api/npm/iml-npm-repos/after/-/after-0.8.1.tgz#ab5d4fb883f596816d3515f8f791c0af486dd627"

arraybuffer.slice@0.0.6:
  version "0.0.6"
  resolved "https://ubit-artifactory-or.intel.com/artifactory/api/npm/iml-npm-repos/arraybuffer.slice/-/arraybuffer.slice-0.0.6.tgz#f33b2159f0532a3f3107a272c0ccfbd1ad2979ca"

backo2@1.0.2:
  version "1.0.2"
  resolved "https://ubit-artifactory-or.intel.com/artifactory/api/npm/iml-npm-repos/backo2/-/backo2-1.0.2.tgz#31ab1ac8b129363463e35b3ebb69f4dfcfba7947"

base64-arraybuffer@0.1.2:
  version "0.1.2"
  resolved "https://ubit-artifactory-or.intel.com/artifactory/api/npm/iml-npm-repos/base64-arraybuffer/-/base64-arraybuffer-0.1.2.tgz#474df4a9f2da24e05df3158c3b1db3c3cd46a154"

base64id@0.1.0:
  version "0.1.0"
  resolved "https://ubit-artifactory-or.intel.com/artifactory/api/npm/iml-npm-repos/base64id/-/base64id-0.1.0.tgz#02ce0fdeee0cef4f40080e1e73e834f0b1bfce3f"

benchmark@1.0.0:
  version "1.0.0"
  resolved "https://ubit-artifactory-or.intel.com/artifactory/api/npm/iml-npm-repos/benchmark/-/benchmark-1.0.0.tgz#2f1e2fa4c359f11122aa183082218e957e390c73"

better-assert@~1.0.0:
  version "1.0.2"
  resolved "https://ubit-artifactory-or.intel.com/artifactory/api/npm/iml-npm-repos/better-assert/-/better-assert-1.0.2.tgz#40866b9e1b9e0b55b481894311e68faffaebc522"
  dependencies:
    callsite "1.0.0"

bindings@1.2.1:
  version "1.2.1"
  resolved "https://ubit-artifactory-or.intel.com/artifactory/api/npm/iml-npm-repos/bindings/-/bindings-1.2.1.tgz#14ad6113812d2d37d72e67b4cacb4bb726505f11"

blob@0.0.4:
  version "0.0.4"
  resolved "https://ubit-artifactory-or.intel.com/artifactory/api/npm/iml-npm-repos/blob/-/blob-0.0.4.tgz#bcf13052ca54463f30f9fc7e95b9a47630a94921"

callsite@1.0.0:
  version "1.0.0"
  resolved "https://ubit-artifactory-or.intel.com/artifactory/api/npm/iml-npm-repos/callsite/-/callsite-1.0.0.tgz#280398e5d664bd74038b6f0905153e6e8af1bc20"

clone@1.0.2:
  version "1.0.2"
  resolved "https://ubit-artifactory-or.intel.com/artifactory/api/npm/iml-npm-repos/clone/-/clone-1.0.2.tgz#260b7a99ebb1edfe247538175f783243cb19d149"

component-bind@1.0.0:
  version "1.0.0"
  resolved "https://ubit-artifactory-or.intel.com/artifactory/api/npm/iml-npm-repos/component-bind/-/component-bind-1.0.0.tgz#00c608ab7dcd93897c0009651b1d3a8e1e73bbd1"

component-emitter@1.1.2:
  version "1.1.2"
  resolved "https://ubit-artifactory-or.intel.com/artifactory/api/npm/iml-npm-repos/component-emitter/-/component-emitter-1.1.2.tgz#296594f2753daa63996d2af08d15a95116c9aec3"

component-emitter@1.2.0:
  version "1.2.0"
  resolved "https://ubit-artifactory-or.intel.com/artifactory/api/npm/iml-npm-repos/component-emitter/-/component-emitter-1.2.0.tgz#ccd113a86388d06482d03de3fc7df98526ba8efe"

component-inherit@0.0.3:
  version "0.0.3"
  resolved "https://ubit-artifactory-or.intel.com/artifactory/api/npm/iml-npm-repos/component-inherit/-/component-inherit-0.0.3.tgz#645fc4adf58b72b649d5cae65135619db26ff143"

debug@0.7.4:
  version "0.7.4"
  resolved "https://ubit-artifactory-or.intel.com/artifactory/api/npm/iml-npm-repos/debug/-/debug-0.7.4.tgz#06e1ea8082c2cb14e39806e22e2f6f757f92af39"

debug@2.2.0:
  version "2.2.0"
  resolved "https://ubit-artifactory-or.intel.com/artifactory/api/npm/iml-npm-repos/debug/-/debug-2.2.0.tgz#f87057e995b1a1f6ae6a4960664137bc56f039da"
  dependencies:
    ms "0.7.1"

engine.io-client@1.6.11:
  version "1.6.11"
  resolved "https://ubit-artifactory-or.intel.com/artifactory/api/npm/iml-npm-repos/engine.io-client/-/engine.io-client-1.6.11.tgz#7d250d8fa1c218119ecde51390458a57d5171376"
  dependencies:
    component-emitter "1.1.2"
    component-inherit "0.0.3"
    debug "2.2.0"
    engine.io-parser "1.2.4"
    has-cors "1.1.0"
    indexof "0.0.1"
    parsejson "0.0.1"
    parseqs "0.0.2"
    parseuri "0.0.4"
    ws "1.0.1"
    xmlhttprequest-ssl "1.5.1"
    yeast "0.1.2"

engine.io-parser@1.2.4:
  version "1.2.4"
  resolved "https://ubit-artifactory-or.intel.com/artifactory/api/npm/iml-npm-repos/engine.io-parser/-/engine.io-parser-1.2.4.tgz#e0897b0bf14e792d4cd2a5950553919c56948c42"
  dependencies:
    after "0.8.1"
    arraybuffer.slice "0.0.6"
    base64-arraybuffer "0.1.2"
    blob "0.0.4"
    has-binary "0.1.6"
    utf8 "2.1.0"

engine.io@1.6.11:
  version "1.6.11"
  resolved "https://ubit-artifactory-or.intel.com/artifactory/api/npm/iml-npm-repos/engine.io/-/engine.io-1.6.11.tgz#2533a97a65876c40ffcf95397b7ef9b495c423fe"
  dependencies:
    accepts "1.1.4"
    base64id "0.1.0"
    debug "2.2.0"
    engine.io-parser "1.2.4"
    ws "1.1.0"

has-binary@0.1.6:
  version "0.1.6"
  resolved "https://ubit-artifactory-or.intel.com/artifactory/api/npm/iml-npm-repos/has-binary/-/has-binary-0.1.6.tgz#25326f39cfa4f616ad8787894e3af2cfbc7b6e10"
  dependencies:
    isarray "0.0.1"

has-binary@0.1.7:
  version "0.1.7"
  resolved "https://ubit-artifactory-or.intel.com/artifactory/api/npm/iml-npm-repos/has-binary/-/has-binary-0.1.7.tgz#68e61eb16210c9545a0a5cce06a873912fe1e68c"
  dependencies:
    isarray "0.0.1"

has-cors@1.1.0:
  version "1.1.0"
  resolved "https://ubit-artifactory-or.intel.com/artifactory/api/npm/iml-npm-repos/has-cors/-/has-cors-1.1.0.tgz#5e474793f7ea9843d1bb99c23eef49ff126fff39"

highland@2.5.1:
  version "2.5.1"
  resolved "https://ubit-artifactory-or.intel.com/artifactory/api/npm/iml-npm-repos/highland/-/highland-2.5.1.tgz#ffa802fe0a4d574e2033621a5cfa4b6d4159ab76"

highland@2.7.1:
  version "2.7.1"
  resolved "https://ubit-artifactory-or.intel.com/artifactory/api/npm/iml-npm-repos/highland/-/highland-2.7.1.tgz#3b7616f8594be58a762a2c2e193ee99d9020bc5a"
  dependencies:
    util-deprecate "^1.0.2"

highland@2.7.3:
  version "2.7.3"
  resolved "https://ubit-artifactory-or.intel.com/artifactory/api/npm/iml-npm-repos/highland/-/highland-2.7.3.tgz#7368f2065802d6b87752c5703ce76e02a145c313"
  dependencies:
    util-deprecate "^1.0.2"

highland@3.0.0-beta.2:
  version "3.0.0-beta.2"
  resolved "https://ubit-artifactory-or.intel.com/artifactory/api/npm/iml-npm-repos/highland/-/highland-3.0.0-beta.2.tgz#487c70c7c299b1cdb0fa05850771d6e9dbd19d7e"

indexof@0.0.1:
  version "0.0.1"
  resolved "https://ubit-artifactory-or.intel.com/artifactory/api/npm/iml-npm-repos/indexof/-/indexof-0.0.1.tgz#82dc336d232b9062179d05ab3293a66059fd435d"

intel-dirp@1.0.4:
  version "1.0.4"
  resolved "https://ubit-artifactory-or.intel.com/artifactory/api/npm/iml-npm-repos/intel-dirp/-/intel-dirp-1.0.4.tgz#7f76c5a59d1e1f78c3c60be8affe9dae5c709089"
  dependencies:
    intel-fp "1.0.13"

intel-dirp@1.0.5:
  version "1.0.5"
  resolved "https://ubit-artifactory-or.intel.com/artifactory/api/npm/iml-npm-repos/intel-dirp/-/intel-dirp-1.0.5.tgz#ea8411fab87330106d00a7418b68fce2cf5313ad"
  dependencies:
    intel-fp "1.0.14"

intel-fp@1.0.13:
  version "1.0.13"
  resolved "https://ubit-artifactory-or.intel.com/artifactory/api/npm/iml-npm-repos/intel-fp/-/intel-fp-1.0.13.tgz#a773fe299993de9e8c48eff068ce229601b19649"

intel-fp@1.0.14:
  version "1.0.14"
  resolved "https://ubit-artifactory-or.intel.com/artifactory/api/npm/iml-npm-repos/intel-fp/-/intel-fp-1.0.14.tgz#504503c308fbb803e34ef1085c1781c545189acd"

intel-fp@1.0.15:
  version "1.0.15"
  resolved "https://ubit-artifactory-or.intel.com/artifactory/api/npm/iml-npm-repos/intel-fp/-/intel-fp-1.0.15.tgz#96021ec672c930fd251468805821552d831e36c1"

intel-fp@3.2.1:
  version "3.2.1"
  resolved "https://ubit-artifactory-or.intel.com/artifactory/api/npm/iml-npm-repos/intel-fp/-/intel-fp-3.2.1.tgz#4f90d38b57e0e420f6fbb2a0091ab82dc03a698d"
  dependencies:
    mkdirp "0.5.1"

intel-fp@4.1.2:
  version "4.1.2"
  resolved "https://ubit-artifactory-or.intel.com/artifactory/api/npm/iml-npm-repos/intel-fp/-/intel-fp-4.1.2.tgz#1d0fcde8170635542b01615218d7c05413455bcc"

intel-fp@5.0.0:
  version "5.0.0"
  resolved "https://ubit-artifactory-or.intel.com/artifactory/api/npm/iml-npm-repos/intel-fp/-/intel-fp-5.0.0.tgz#1b20a78409da15c84a2cd7114cb5c1e56ea47876"

intel-fp@5.1.0:
  version "5.1.0"
  resolved "https://ubit-artifactory-or.intel.com/artifactory/api/npm/iml-npm-repos/intel-fp/-/intel-fp-5.1.0.tgz#663691f681e95ce475e339703ef8876a3ad15f7f"

intel-help-docs@1.2.0:
  version "1.2.0"
  resolved "https://ubit-artifactory-or.intel.com/artifactory/api/npm/iml-npm-repos/intel-help-docs/-/intel-help-docs-1.2.0.tgz#86fbe6a382585f4d1e7addeda37e9dac6b912668"

intel-help@1.3.0:
  version "1.3.0"
  resolved "https://ubit-artifactory-or.intel.com/artifactory/api/npm/iml-npm-repos/intel-help/-/intel-help-1.3.0.tgz#a1812ad5cd392d9a67150deec02dfb07719e714b"

intel-logger@1.0.0:
  version "1.0.0"
  resolved "https://ubit-artifactory-or.intel.com/artifactory/api/npm/iml-npm-repos/intel-logger/-/intel-logger-1.0.0.tgz#d21992eaa407e8ecd752772f81513056db7d5230"
  dependencies:
    intel-obj "5.0.2"

intel-obj@1.0.4:
  version "1.0.4"
  resolved "https://ubit-artifactory-or.intel.com/artifactory/api/npm/iml-npm-repos/intel-obj/-/intel-obj-1.0.4.tgz#7afef422a21889fea7cff1518cf23af67ab5727c"

intel-obj@1.0.5:
  version "1.0.5"
  resolved "https://ubit-artifactory-or.intel.com/artifactory/api/npm/iml-npm-repos/intel-obj/-/intel-obj-1.0.5.tgz#4c5e87cf4d62730de1b8e833d2c78320961c7b64"

intel-obj@5.0.2:
  version "5.0.2"
  resolved "https://ubit-artifactory-or.intel.com/artifactory/api/npm/iml-npm-repos/intel-obj/-/intel-obj-5.0.2.tgz#ecc4af506df45aca3ebc7e1cd844304fb3da9db4"
  dependencies:
    intel-fp "4.1.2"

intel-obj@6.0.0:
  version "6.0.0"
  resolved "https://ubit-artifactory-or.intel.com/artifactory/api/npm/iml-npm-repos/intel-obj/-/intel-obj-6.0.0.tgz#9b053c602ee3fb30ba07f496db9df9c360fb9748"
  dependencies:
    intel-fp "5.0.0"

intel-realtime@5.1.0:
  version "5.1.0"
  resolved "https://ubit-artifactory-or.intel.com/artifactory/api/npm/iml-npm-repos/intel-realtime/-/intel-realtime-5.1.0.tgz#947d22e78f3b79728d61e9f3482b922907b40089"
  dependencies:
    clone "1.0.2"
    highland "2.7.3"
    intel-fp "3.2.1"
    intel-logger "1.0.0"
    intel-obj "5.0.2"
    intel-req "1.0.9"
    intel-router "5.0.0"
    intel-srcmap-reverse "2.0.0"
    intel-through "1.0.8"
    json-mask "0.3.5"
    jsonschema "1.0.2"
    socket.io "1.4.8"

intel-req@1.0.9:
  version "1.0.9"
  resolved "https://ubit-artifactory-or.intel.com/artifactory/api/npm/iml-npm-repos/intel-req/-/intel-req-1.0.9.tgz#bb1a39e2e5c2593c8365f6ddbbdfcfaa6cf0331d"
  dependencies:
    highland "2.5.1"
    intel-fp "1.0.15"
    intel-obj "1.0.5"
    intel-through "1.0.7"
    json-mask "0.3.5"

intel-req@2.0.0:
  version "2.0.0"
  resolved "https://ubit-artifactory-or.intel.com/artifactory/api/npm/iml-npm-repos/intel-req/-/intel-req-2.0.0.tgz#8bb44ff2062b129b7e736f65302f7a99b2e4f071"
  dependencies:
    highland "2.7.1"
    intel-fp "4.1.2"
    intel-obj "5.0.2"
    intel-through "1.0.8"
    json-mask "0.3.5"

intel-router@5.0.0:
  version "5.0.0"
  resolved "https://ubit-artifactory-or.intel.com/artifactory/api/npm/iml-npm-repos/intel-router/-/intel-router-5.0.0.tgz#ca9aeee7a792f355f2cbca416543ed690aa4ce27"
  dependencies:
    path-to-regexp "1.2.1"

intel-srcmap-reverse@2.0.0:
  version "2.0.0"
  resolved "https://ubit-artifactory-or.intel.com/artifactory/api/npm/iml-npm-repos/intel-srcmap-reverse/-/intel-srcmap-reverse-2.0.0.tgz#382ad6aa218fb88e4c438794f2af3c59b2006850"
  dependencies:
    source-map "0.5.6"

intel-through@1.0.7:
  version "1.0.7"
  resolved "https://ubit-artifactory-or.intel.com/artifactory/api/npm/iml-npm-repos/intel-through/-/intel-through-1.0.7.tgz#5f6ef1c74c200531001ee570a387667a6077c7bd"
  dependencies:
    highland "2.5.1"
    intel-dirp "1.0.4"
    intel-fp "1.0.13"
    intel-obj "1.0.4"
    lodash.isequal "3.0.4"

intel-through@1.0.8:
  version "1.0.8"
  resolved "https://ubit-artifactory-or.intel.com/artifactory/api/npm/iml-npm-repos/intel-through/-/intel-through-1.0.8.tgz#20a25effa8b2dd5120dec154eca5b0ad7666d1e9"
  dependencies:
    highland "2.5.1"
    intel-dirp "1.0.5"
    intel-fp "1.0.15"
    intel-obj "1.0.5"
    lodash.isequal "3.0.4"

intel-xml-2-json@1.0.1:
  version "1.0.1"
  resolved "https://ubit-artifactory-or.intel.com/artifactory/api/npm/iml-npm-repos/intel-xml-2-json/-/intel-xml-2-json-1.0.1.tgz#6970eb4c8f3cc017f628ed5376232207a291860d"
  dependencies:
    libxmljs "0.18.0"

isarray@0.0.1:
  version "0.0.1"
  resolved "https://ubit-artifactory-or.intel.com/artifactory/api/npm/iml-npm-repos/isarray/-/isarray-0.0.1.tgz#8a18acfca9a8f4177e09abfc6038939b05d1eedf"

json-mask@0.3.5:
  version "0.3.5"
  resolved "https://ubit-artifactory-or.intel.com/artifactory/api/npm/iml-npm-repos/json-mask/-/json-mask-0.3.5.tgz#b0f39236726b2b02f03f49e7d4e4a9ec129435fb"

json3@3.2.6:
  version "3.2.6"
  resolved "https://ubit-artifactory-or.intel.com/artifactory/api/npm/iml-npm-repos/json3/-/json3-3.2.6.tgz#f6efc93c06a04de9aec53053df2559bb19e2038b"

json3@3.3.2:
  version "3.3.2"
  resolved "https://ubit-artifactory-or.intel.com/artifactory/api/npm/iml-npm-repos/json3/-/json3-3.3.2.tgz#3c0434743df93e2f5c42aee7b19bcb483575f4e1"

jsonschema@1.0.2:
  version "1.0.2"
  resolved "https://ubit-artifactory-or.intel.com/artifactory/api/npm/iml-npm-repos/jsonschema/-/jsonschema-1.0.2.tgz#292bb8fd36266691a86c4eb141ff500adb0f560f"

libxmljs@0.18.0:
  version "0.18.0"
  resolved "https://ubit-artifactory-or.intel.com/artifactory/api/npm/iml-npm-repos/libxmljs/-/libxmljs-0.18.0.tgz#e2993dcf28e4dc60e73486e2db6225dc24d18531"
  dependencies:
    bindings "1.2.1"
    nan "2.3.2"

lodash._baseisequal@^3.0.0:
  version "3.0.7"
  resolved "https://ubit-artifactory-or.intel.com/artifactory/api/npm/iml-npm-repos/lodash._baseisequal/-/lodash._baseisequal-3.0.7.tgz#d8025f76339d29342767dcc887ce5cb95a5b51f1"
  dependencies:
    lodash.isarray "^3.0.0"
    lodash.istypedarray "^3.0.0"
    lodash.keys "^3.0.0"

lodash._bindcallback@^3.0.0:
  version "3.0.1"
  resolved "https://ubit-artifactory-or.intel.com/artifactory/api/npm/iml-npm-repos/lodash._bindcallback/-/lodash._bindcallback-3.0.1.tgz#e531c27644cf8b57a99e17ed95b35c748789392e"

lodash._getnative@^3.0.0:
  version "3.9.1"
  resolved "https://ubit-artifactory-or.intel.com/artifactory/api/npm/iml-npm-repos/lodash._getnative/-/lodash._getnative-3.9.1.tgz#570bc7dede46d61cdcde687d65d3eecbaa3aaff5"

lodash.isarguments@^3.0.0:
  version "3.1.0"
  resolved "https://ubit-artifactory-or.intel.com/artifactory/api/npm/iml-npm-repos/lodash.isarguments/-/lodash.isarguments-3.1.0.tgz#2f573d85c6a24289ff00663b491c1d338ff3458a"

lodash.isarray@^3.0.0:
  version "3.0.4"
  resolved "https://ubit-artifactory-or.intel.com/artifactory/api/npm/iml-npm-repos/lodash.isarray/-/lodash.isarray-3.0.4.tgz#79e4eb88c36a8122af86f844aa9bcd851b5fbb55"

lodash.isequal@3.0.4:
  version "3.0.4"
  resolved "https://ubit-artifactory-or.intel.com/artifactory/api/npm/iml-npm-repos/lodash.isequal/-/lodash.isequal-3.0.4.tgz#1c35eb3b6ef0cd1ff51743e3ea3cf7fdffdacb64"
  dependencies:
    lodash._baseisequal "^3.0.0"
    lodash._bindcallback "^3.0.0"

lodash.istypedarray@^3.0.0:
  version "3.0.6"
  resolved "https://ubit-artifactory-or.intel.com/artifactory/api/npm/iml-npm-repos/lodash.istypedarray/-/lodash.istypedarray-3.0.6.tgz#c9a477498607501d8e8494d283b87c39281cef62"

lodash.keys@^3.0.0:
  version "3.1.2"
  resolved "https://ubit-artifactory-or.intel.com/artifactory/api/npm/iml-npm-repos/lodash.keys/-/lodash.keys-3.1.2.tgz#4dbc0472b156be50a0b286855d1bd0b0c656098a"
  dependencies:
    lodash._getnative "^3.0.0"
    lodash.isarguments "^3.0.0"
    lodash.isarray "^3.0.0"

lodash@3.10.1:
  version "3.10.1"
  resolved "https://ubit-artifactory-or.intel.com/artifactory/api/npm/iml-npm-repos/lodash/-/lodash-3.10.1.tgz#5bf45e8e49ba4189e17d482789dfd15bd140b7b6"

mime-db@~1.12.0:
  version "1.12.0"
  resolved "https://ubit-artifactory-or.intel.com/artifactory/api/npm/iml-npm-repos/mime-db/-/mime-db-1.12.0.tgz#3d0c63180f458eb10d325aaa37d7c58ae312e9d7"

mime-types@~2.0.4:
  version "2.0.14"
  resolved "https://ubit-artifactory-or.intel.com/artifactory/api/npm/iml-npm-repos/mime-types/-/mime-types-2.0.14.tgz#310e159db23e077f8bb22b748dabfa4957140aa6"
  dependencies:
    mime-db "~1.12.0"

minimist@0.0.8:
  version "0.0.8"
  resolved "https://ubit-artifactory-or.intel.com/artifactory/api/npm/iml-npm-repos/minimist/-/minimist-0.0.8.tgz#857fcabfc3397d2625b8228262e86aa7a011b05d"

mkdirp@0.5.1:
  version "0.5.1"
  resolved "https://ubit-artifactory-or.intel.com/artifactory/api/npm/iml-npm-repos/mkdirp/-/mkdirp-0.5.1.tgz#30057438eac6cf7f8c4767f38648d6697d75c903"
  dependencies:
    minimist "0.0.8"

ms@0.7.1:
  version "0.7.1"
  resolved "https://ubit-artifactory-or.intel.com/artifactory/api/npm/iml-npm-repos/ms/-/ms-0.7.1.tgz#9cd13c03adbff25b65effde7ce864ee952017098"

nan@2.3.2:
  version "2.3.2"
  resolved "https://ubit-artifactory-or.intel.com/artifactory/api/npm/iml-npm-repos/nan/-/nan-2.3.2.tgz#4d4ecf17e1da4e989efb4f273d8d00201cad087e"

negotiator@0.4.9:
  version "0.4.9"
  resolved "https://ubit-artifactory-or.intel.com/artifactory/api/npm/iml-npm-repos/negotiator/-/negotiator-0.4.9.tgz#92e46b6db53c7e421ed64a2bc94f08be7630df3f"

object-component@0.0.3:
  version "0.0.3"
  resolved "https://ubit-artifactory-or.intel.com/artifactory/api/npm/iml-npm-repos/object-component/-/object-component-0.0.3.tgz#f0c69aa50efc95b866c186f400a33769cb2f1291"

options@>=0.0.5:
  version "0.0.6"
  resolved "https://ubit-artifactory-or.intel.com/artifactory/api/npm/iml-npm-repos/options/-/options-0.0.6.tgz#ec22d312806bb53e731773e7cdaefcf1c643128f"

parsejson@0.0.1:
  version "0.0.1"
  resolved "https://ubit-artifactory-or.intel.com/artifactory/api/npm/iml-npm-repos/parsejson/-/parsejson-0.0.1.tgz#9b10c6c0d825ab589e685153826de0a3ba278bcc"
  dependencies:
    better-assert "~1.0.0"

parseqs@0.0.2:
  version "0.0.2"
  resolved "https://ubit-artifactory-or.intel.com/artifactory/api/npm/iml-npm-repos/parseqs/-/parseqs-0.0.2.tgz#9dfe70b2cddac388bde4f35b1f240fa58adbe6c7"
  dependencies:
    better-assert "~1.0.0"

parseuri@0.0.4:
  version "0.0.4"
  resolved "https://ubit-artifactory-or.intel.com/artifactory/api/npm/iml-npm-repos/parseuri/-/parseuri-0.0.4.tgz#806582a39887e1ea18dd5e2fe0e01902268e9350"
  dependencies:
    better-assert "~1.0.0"

path-to-regexp@1.2.1:
  version "1.2.1"
  resolved "https://ubit-artifactory-or.intel.com/artifactory/api/npm/iml-npm-repos/path-to-regexp/-/path-to-regexp-1.2.1.tgz#b33705c140234d873c8721c7b9fd8b541ed3aff9"
  dependencies:
    isarray "0.0.1"

socket.io-adapter@0.4.0:
  version "0.4.0"
  resolved "https://ubit-artifactory-or.intel.com/artifactory/api/npm/iml-npm-repos/socket.io-adapter/-/socket.io-adapter-0.4.0.tgz#fb9f82ab1aa65290bf72c3657955b930a991a24f"
  dependencies:
    debug "2.2.0"
    socket.io-parser "2.2.2"

socket.io-client@1.4.8:
  version "1.4.8"
  resolved "https://ubit-artifactory-or.intel.com/artifactory/api/npm/iml-npm-repos/socket.io-client/-/socket.io-client-1.4.8.tgz#481b241e73df140ea1a4fb03486a85ad097f5558"
  dependencies:
    backo2 "1.0.2"
    component-bind "1.0.0"
    component-emitter "1.2.0"
    debug "2.2.0"
    engine.io-client "1.6.11"
    has-binary "0.1.7"
    indexof "0.0.1"
    object-component "0.0.3"
    parseuri "0.0.4"
    socket.io-parser "2.2.6"
    to-array "0.1.4"

socket.io-parser@2.2.2:
  version "2.2.2"
  resolved "https://ubit-artifactory-or.intel.com/artifactory/api/npm/iml-npm-repos/socket.io-parser/-/socket.io-parser-2.2.2.tgz#3d7af6b64497e956b7d9fe775f999716027f9417"
  dependencies:
    benchmark "1.0.0"
    component-emitter "1.1.2"
    debug "0.7.4"
    isarray "0.0.1"
    json3 "3.2.6"

socket.io-parser@2.2.6:
  version "2.2.6"
  resolved "https://ubit-artifactory-or.intel.com/artifactory/api/npm/iml-npm-repos/socket.io-parser/-/socket.io-parser-2.2.6.tgz#38dfd61df50dcf8ab1d9e2091322bf902ba28b99"
  dependencies:
    benchmark "1.0.0"
    component-emitter "1.1.2"
    debug "2.2.0"
    isarray "0.0.1"
    json3 "3.3.2"

socket.io@1.4.8:
  version "1.4.8"
  resolved "https://ubit-artifactory-or.intel.com/artifactory/api/npm/iml-npm-repos/socket.io/-/socket.io-1.4.8.tgz#e576f330cd0bed64e55b3fd26df991141884867b"
  dependencies:
    debug "2.2.0"
    engine.io "1.6.11"
    has-binary "0.1.7"
    socket.io-adapter "0.4.0"
    socket.io-client "1.4.8"
    socket.io-parser "2.2.6"

source-map@0.5.6:
  version "0.5.6"
  resolved "https://ubit-artifactory-or.intel.com/artifactory/api/npm/iml-npm-repos/source-map/-/source-map-0.5.6.tgz#75ce38f52bf0733c5a7f0c118d81334a2bb5f412"

to-array@0.1.4:
  version "0.1.4"
  resolved "https://ubit-artifactory-or.intel.com/artifactory/api/npm/iml-npm-repos/to-array/-/to-array-0.1.4.tgz#17e6c11f73dd4f3d74cda7a4ff3238e9ad9bf890"

ultron@1.0.x:
  version "1.0.2"
  resolved "https://ubit-artifactory-or.intel.com/artifactory/api/npm/iml-npm-repos/ultron/-/ultron-1.0.2.tgz#ace116ab557cd197386a4e88f4685378c8b2e4fa"

utf8@2.1.0:
  version "2.1.0"
  resolved "https://ubit-artifactory-or.intel.com/artifactory/api/npm/iml-npm-repos/utf8/-/utf8-2.1.0.tgz#0cfec5c8052d44a23e3aaa908104e8075f95dfd5"

util-deprecate@^1.0.2:
  version "1.0.2"
  resolved "https://ubit-artifactory-or.intel.com/artifactory/api/npm/iml-npm-repos/util-deprecate/-/util-deprecate-1.0.2.tgz#450d4dc9fa70de732762fbd2d4a28981419a0ccf"

ws@1.0.1:
  version "1.0.1"
  resolved "https://ubit-artifactory-or.intel.com/artifactory/api/npm/iml-npm-repos/ws/-/ws-1.0.1.tgz#7d0b2a2e58cddd819039c29c9de65045e1b310e9"
  dependencies:
    options ">=0.0.5"
    ultron "1.0.x"

ws@1.1.0:
  version "1.1.0"
  resolved "https://ubit-artifactory-or.intel.com/artifactory/api/npm/iml-npm-repos/ws/-/ws-1.1.0.tgz#c1d6fd1515d3ceff1f0ae2759bf5fd77030aad1d"
  dependencies:
    options ">=0.0.5"
    ultron "1.0.x"

xmlhttprequest-ssl@1.5.1:
  version "1.5.1"
  resolved "https://ubit-artifactory-or.intel.com/artifactory/api/npm/iml-npm-repos/xmlhttprequest-ssl/-/xmlhttprequest-ssl-1.5.1.tgz#3b7741fea4a86675976e908d296d4445961faa67"

yeast@0.1.2:
  version "0.1.2"
  resolved "https://ubit-artifactory-or.intel.com/artifactory/api/npm/iml-npm-repos/yeast/-/yeast-0.1.2.tgz#008e06d8094320c372dbc2f8ed76a0ca6c8ac419"
