# THIS IS AN AUTOGENERATED FILE. DO NOT EDIT THIS FILE DIRECTLY.
# yarn lockfile v1


"@mfl/block-device-listener@0.1.0":
  version "0.1.0"
  resolved "https://registry.yarnpkg.com/@mfl/block-device-listener/-/block-device-listener-0.1.0.tgz#7b135d91c5ab1c48c19cddee33efb5467f668495"

"@mfl/device-scanner-daemon@0.1.0":
  version "0.1.0"
  resolved "https://registry.yarnpkg.com/@mfl/device-scanner-daemon/-/device-scanner-daemon-0.1.0.tgz#081e3f31d923d2c5d2aff954094e36446c6e9a4e"
