{
  "name": "stub-daddy",
  "version": "0.1.0",
  "dependencies": {
    "bunyan": {
      "version": "0.23.1",
      "from": "bunyan@0.23.1",
      "resolved": "https://registry.npmjs.org/bunyan/-/bunyan-0.23.1.tgz",
      "dependencies": {
        "mv": {
          "version": "2.0.3",
          "from": "mv@~2",
          "resolved": "https://registry.npmjs.org/mv/-/mv-2.0.3.tgz",
          "dependencies": {
            "mkdirp": {
              "version": "0.5.0",
              "from": "mkdirp@~0.5.0",
              "resolved": "https://registry.npmjs.org/mkdirp/-/mkdirp-0.5.0.tgz",
              "dependencies": {
                "minimist": {
                  "version": "0.0.8",
                  "from": "minimist@0.0.8",
                  "resolved": "https://registry.npmjs.org/minimist/-/minimist-0.0.8.tgz"
                }
              }
            },
            "ncp": {
              "version": "0.6.0",
              "from": "ncp@~0.6.0",
              "resolved": "https://registry.npmjs.org/ncp/-/ncp-0.6.0.tgz"
            },
            "rimraf": {
              "version": "2.2.8",
              "from": "rimraf@~2.2.8",
              "resolved": "https://registry.npmjs.org/rimraf/-/rimraf-2.2.8.tgz"
            }
          }
        },
        "dtrace-provider": {
          "version": "0.2.8",
          "from": "dtrace-provider@0.2.8",
          "resolved": "https://registry.npmjs.org/dtrace-provider/-/dtrace-provider-0.2.8.tgz"
        }
      }
    },
    "configulator": {
      "version": "1.0.0",
      "from": "configulator@1.0.0"
    },
    "jsonschema": {
      "version": "0.4.0",
      "from": "jsonschema@0.4.0",
      "resolved": "https://registry.npmjs.org/jsonschema/-/jsonschema-0.4.0.tgz"
    },
    "promise": {
      "version": "5.0.0",
      "from": "promise@5.0.0",
      "resolved": "https://registry.npmjs.org/promise/-/promise-5.0.0.tgz",
      "dependencies": {
        "asap": {
          "version": "1.0.0",
          "from": "asap@~1.0.0",
          "resolved": "https://registry.npmjs.org/asap/-/asap-1.0.0.tgz"
        }
      }
    },
    "wiretree": {
      "version": "0.2.5",
      "from": "wiretree@0.2.5",
      "resolved": "https://registry.npmjs.org/wiretree/-/wiretree-0.2.5.tgz"
    },
    "yargs": {
      "version": "1.2.6",
      "from": "yargs@1.2.6",
      "resolved": "https://registry.npmjs.org/yargs/-/yargs-1.2.6.tgz",
      "dependencies": {
        "minimist": {
          "version": "0.1.0",
          "from": "minimist@^0.1.0",
          "resolved": "https://registry.npmjs.org/minimist/-/minimist-0.1.0.tgz"
        }
      }
    }
  }
}
